
Microsoft Visual Studio Solution File, Format Version 12.00
Project("{FAE04EC0-301F-11D3-BF4B-00C04F79EFBC}") = "GimpiesConsole", "GimpiesConsole\GimpiesConsole.csproj", "{A07327B7-5B6F-4386-ACAE-59E0D7EA7FEA}"
EndProject
Project("{FAE04EC0-301F-11D3-BF4B-00C04F79EFBC}") = "GimpiesWinForms", "GimpiesWinForms\GimpiesWinForms.csproj", "{8F5A47AA-E3A3-4B69-8BD2-B75668745FF0}"
EndProject
Global
	GlobalSection(SolutionConfigurationPlatforms) = preSolution
		Debug|Any CPU = Debug|Any CPU
		Release|Any CPU = Release|Any CPU
	EndGlobalSection
	GlobalSection(ProjectConfigurationPlatforms) = postSolution
		{A07327B7-5B6F-4386-ACAE-59E0D7EA7FEA}.Debug|Any CPU.ActiveCfg = Debug|Any CPU
		{A07327B7-5B6F-4386-ACAE-59E0D7EA7FEA}.Debug|Any CPU.Build.0 = Debug|Any CPU
		{A07327B7-5B6F-4386-ACAE-59E0D7EA7FEA}.Release|Any CPU.ActiveCfg = Release|Any CPU
		{A07327B7-5B6F-4386-ACAE-59E0D7EA7FEA}.Release|Any CPU.Build.0 = Release|Any CPU
		{8F5A47AA-E3A3-4B69-8BD2-B75668745FF0}.Debug|Any CPU.ActiveCfg = Debug|Any CPU
		{8F5A47AA-E3A3-4B69-8BD2-B75668745FF0}.Debug|Any CPU.Build.0 = Debug|Any CPU
		{8F5A47AA-E3A3-4B69-8BD2-B75668745FF0}.Release|Any CPU.ActiveCfg = Release|Any CPU
		{8F5A47AA-E3A3-4B69-8BD2-B75668745FF0}.Release|Any CPU.Build.0 = Release|Any CPU
	EndGlobalSection
EndGlobal
